github.com/goburrow/serial v0.1.0 h1:v2T1SQa/dlUqQiYIT8+Cu7YolfqAi3K96UmhwYyuSrA=
github.com/goburrow/serial v0.1.0/go.mod h1:sAiqG0nRVswsm1C97xsttiYCzSLBmUZ/VSlVLZJ8haA=
github.com/thinkgos/gomodbus/v2 v2.2.2 h1:2ZkVxPShxg9ew0UCANdRxL7ZGA6anwRo66e8zifo+6w=
github.com/thinkgos/gomodbus/v2 v2.2.2/go.mod h1:YynqZtDx2kFRhA+Ajy9qtmWOUIs5BOi3EaX6WQwH/jo=
